
Microsoft Visual Studio Solution File, Format Version 12.00
# Visual Studio 15
VisualStudioVersion = 15.0.28010.2048
MinimumVisualStudioVersion = 10.0.40219.1
Project("{FAE04EC0-301F-11D3-BF4B-00C04F79EFBC}") = "DMItest", "DMItest\DMItest.csproj", "{C65C3497-87F8-41E8-B809-DF58A3B201BC}"
EndProject
Global
	GlobalSection(SolutionConfigurationPlatforms) = preSolution
		Debug|Any CPU = Debug|Any CPU
		Release|Any CPU = Release|Any CPU
	EndGlobalSection
	GlobalSection(ProjectConfigurationPlatforms) = postSolution
		{C65C3497-87F8-41E8-B809-DF58A3B201BC}.Debug|Any CPU.ActiveCfg = Debug|Any CPU
		{C65C3497-87F8-41E8-B809-DF58A3B201BC}.Debug|Any CPU.Build.0 = Debug|Any CPU
		{C65C3497-87F8-41E8-B809-DF58A3B201BC}.Release|Any CPU.ActiveCfg = Release|Any CPU
		{C65C3497-87F8-41E8-B809-DF58A3B201BC}.Release|Any CPU.Build.0 = Release|Any CPU
	EndGlobalSection
	GlobalSection(SolutionProperties) = preSolution
		HideSolutionNode = FALSE
	EndGlobalSection
	GlobalSection(ExtensibilityGlobals) = postSolution
		SolutionGuid = {BD55EAF4-3D27-4777-998A-2C839E416828}
	EndGlobalSection
EndGlobal
